// !$*UTF8*$!
{
	archiveVersion = 1;
	classes = {
	};
	objectVersion = 50;
	objects = {

/* Begin PBXBuildFile section */
		F9DB1477216DB27B00056489 /* AppDelegate.swift in Sources */ = {isa = PBXBuildFile; fileRef = F9DB1476216DB27B00056489 /* AppDelegate.swift */; };
		F9DB1479216DB27B00056489 /* ViewController.swift in Sources */ = {isa = PBXBuildFile; fileRef = F9DB1478216DB27B00056489 /* ViewController.swift */; };
		F9DB147C216DB27B00056489 /* Main.storyboard in Resources */ = {isa = PBXBuildFile; fileRef = F9DB147A216DB27B00056489 /* Main.storyboard */; };
		F9DB147E216DB27F00056489 /* Assets.xcassets in Resources */ = {isa = PBXBuildFile; fileRef = F9DB147D216DB27F00056489 /* Assets.xcassets */; };
		F9DB1481216DB27F00056489 /* LaunchScreen.storyboard in Resources */ = {isa = PBXBuildFile; fileRef = F9DB147F216DB27F00056489 /* LaunchScreen.storyboard */; };
		F9DB1489216DBDFF00056489 /* StructsEnums.swift in Sources */ = {isa = PBXBuildFile; fileRef = F9DB1488216DBDFF00056489 /* StructsEnums.swift */; };
/* End PBXBuildFile section */

/* Begin PBXFileReference section */
		F9DB1473216DB27B00056489 /* Fancy Calculator.app */ = {isa = PBXFileReference; explicitFileType = wrapper.application; includeInIndex = 0; path = "Fancy Calculator.app"; sourceTree = BUILT_PRODUCTS_DIR; };
		F9DB1476216DB27B00056489 /* AppDelegate.swift */ = {isa = PBXFileReference; lastKnownFileType = sourcecode.swift; path = AppDelegate.swift; sourceTree = "<group>"; };
		F9DB1478216DB27B00056489 /* ViewController.swift */ = {isa = PBXFileReference; lastKnownFileType = sourcecode.swift; path = ViewController.swift; sourceTree = "<group>"; };
		F9DB147B216DB27B00056489 /* Base */ = {isa = PBXFileReference; lastKnownFileType = file.storyboard; name = Base; path = Base.lproj/Main.storyboard; sourceTree = "<group>"; };
		F9DB147D216DB27F00056489 /* Assets.xcassets */ = {isa = PBXFileReference; lastKnownFileType = folder.assetcatalog; path = Assets.xcassets; sourceTree = "<group>"; };
		F9DB1480216DB27F00056489 /* Base */ = {isa = PBXFileReference; lastKnownFileType = file.storyboard; name = Base; path = Base.lproj/LaunchScreen.storyboard; sourceTree = "<group>"; };
		F9DB1482216DB27F00056489 /* Info.plist */ = {isa = PBXFileReference; lastKnownFileType = text.plist.xml; path = Info.plist; sourceTree = "<group>"; };
		F9DB1488216DBDFF00056489 /* StructsEnums.swift */ = {isa = PBXFileReference; lastKnownFileType = sourcecode.swift; path = StructsEnums.swift; sourceTree = "<group>"; };
/* End PBXFileReference section */

/* Begin PBXFrameworksBuildPhase section */
		F9DB1470216DB27B00056489 /* Frameworks */ = {
			isa = PBXFrameworksBuildPhase;
			buildActionMask = 2147483647;
			files = (
			);
			runOnlyForDeploymentPostprocessing = 0;
		};
/* End PBXFrameworksBuildPhase section */

/* Begin PBXGroup section */
		F9DB146A216DB27B00056489 = {
			isa = PBXGroup;
			children = (
				F9DB1475216DB27B00056489 /* Fancy Calculator */,
				F9DB1474216DB27B00056489 /* Products */,
			);
			sourceTree = "<group>";
		};
		F9DB1474216DB27B00056489 /* Products */ = {
			isa = PBXGroup;
			children = (
				F9DB1473216DB27B00056489 /* Fancy Calculator.app */,
			);
			name = Products;
			sourceTree = "<group>";
		};
		F9DB1475216DB27B00056489 /* Fancy Calculator */ = {
			isa = PBXGroup;
			children = (
				F9DB1476216DB27B00056489 /* AppDelegate.swift */,
				F9DB1478216DB27B00056489 /* ViewController.swift */,
				F9DB147A216DB27B00056489 /* Main.storyboard */,
				F9DB147D216DB27F00056489 /* Assets.xcassets */,
				F9DB147F216DB27F00056489 /* LaunchScreen.storyboard */,
				F9DB1482216DB27F00056489 /* Info.plist */,
				F9DB1488216DBDFF00056489 /* StructsEnums.swift */,
			);
			path = "Fancy Calculator";
			sourceTree = "<group>";
		};
/* End PBXGroup section */

/* Begin PBXNativeTarget section */
		F9DB1472216DB27B00056489 /* Fancy Calculator */ = {
			isa = PBXNativeTarget;
			buildConfigurationList = F9DB1485216DB27F00056489 /* Build configuration list for PBXNativeTarget "Fancy Calculator" */;
			buildPhases = (
				F9DB146F216DB27B00056489 /* Sources */,
				F9DB1470216DB27B00056489 /* Frameworks */,
				F9DB1471216DB27B00056489 /* Resources */,
			);
			buildRules = (
			);
			dependencies = (
			);
			name = "Fancy Calculator";
			productName = "Fancy Calculator";
			productReference = F9DB1473216DB27B00056489 /* Fancy Calculator.app */;
			productType = "com.apple.product-type.application";
		};
/* End PBXNativeTarget section */

/* Begin PBXProject section */
		F9DB146B216DB27B00056489 /* Project object */ = {
			isa = PBXProject;
			attributes = {
				LastSwiftUpdateCheck = 1000;
				LastUpgradeCheck = 1000;
				ORGANIZATIONNAME = "Vayunandan reddy Kunduru";
				TargetAttributes = {
					F9DB1472216DB27B00056489 = {
						CreatedOnToolsVersion = 10.0;
					};
				};
			};
			buildConfigurationList = F9DB146E216DB27B00056489 /* Build configuration list for PBXProject "Fancy Calculator" */;
			compatibilityVersion = "Xcode 9.3";
			developmentRegion = en;
			hasScannedForEncodings = 0;
			knownRegions = (
				en,
				Base,
			);
			mainGroup = F9DB146A216DB27B00056489;
			productRefGroup = F9DB1474216DB27B00056489 /* Products */;
			projectDirPath = "";
			projectRoot = "";
			targets = (
				F9DB1472216DB27B00056489 /* Fancy Calculator */,
			);
		};
/* End PBXProject section */

/* Begin PBXResourcesBuildPhase section */
		F9DB1471216DB27B00056489 /* Resources */ = {
			isa = PBXResourcesBuildPhase;
			buildActionMask = 2147483647;
			files = (
				F9DB1481216DB27F00056489 /* LaunchScreen.storyboard in Resources */,
				F9DB147E216DB27F00056489 /* Assets.xcassets in Resources */,
				F9DB147C216DB27B00056489 /* Main.storyboard in Resources */,
			);
			runOnlyForDeploymentPostprocessing = 0;
		};
/* End PBXResourcesBuildPhase section */

/* Begin PBXSourcesBuildPhase section */
		F9DB146F216DB27B00056489 /* Sources */ = {
			isa = PBXSourcesBuildPhase;
			buildActionMask = 2147483647;
			files = (
				F9DB1489216DBDFF00056489 /* StructsEnums.swift in Sources */,
				F9DB1479216DB27B00056489 /* ViewController.swift in Sources */,
				F9DB1477216DB27B00056489 /* AppDelegate.swift in Sources */,
			);
			runOnlyForDeploymentPostprocessing = 0;
		};
/* End PBXSourcesBuildPhase section */

/* Begin PBXVariantGroup section */
		F9DB147A216DB27B00056489 /* Main.storyboard */ = {
			isa = PBXVariantGroup;
			children = (
				F9DB147B216DB27B00056489 /* Base */,
			);
			name = Main.storyboard;
			sourceTree = "<group>";
		};
		F9DB147F216DB27F00056489 /* LaunchScreen.storyboard */ = {
			isa = PBXVariantGroup;
			children = (
				F9DB1480216DB27F00056489 /* Base */,
			);
			name = LaunchScreen.storyboard;
			sourceTree = "<group>";
		};
/* End PBXVariantGroup section */

/* Begin XCBuildConfiguration section */
		F9DB1483216DB27F00056489 /* Debug */ = {
			isa = XCBuildConfiguration;
			buildSettings = {
				ALWAYS_SEARCH_USER_PATHS = NO;
				CLANG_ANALYZER_NONNULL = YES;
				CLANG_ANALYZER_NUMBER_OBJECT_CONVERSION = YES_AGGRESSIVE;
				CLANG_CXX_LANGUAGE_STANDARD = "gnu++14";
				CLANG_CXX_LIBRARY = "libc++";
				CLANG_ENABLE_MODULES = YES;
				CLANG_ENABLE_OBJC_ARC = YES;
				CLANG_ENABLE_OBJC_WEAK = YES;
				CLANG_WARN_BLOCK_CAPTURE_AUTORELEASING = YES;
				CLANG_WARN_BOOL_CONVERSION = YES;
				CLANG_WARN_COMMA = YES;
				CLANG_WARN_CONSTANT_CONVERSION = YES;
				CLANG_WARN_DEPRECATED_OBJC_IMPLEMENTATIONS = YES;
				CLANG_WARN_DIRECT_OBJC_ISA_USAGE = YES_ERROR;
				CLANG_WARN_DOCUMENTATION_COMMENTS = YES;
				CLANG_WARN_EMPTY_BODY = YES;
				CLANG_WARN_ENUM_CONVERSION = YES;
				CLANG_WARN_INFINITE_RECURSION = YES;
				CLANG_WARN_INT_CONVERSION = YES;
				CLANG_WARN_NON_LITERAL_NULL_CONVERSION = YES;
				CLANG_WARN_OBJC_IMPLICIT_RETAIN_SELF = YES;
				CLANG_WARN_OBJC_LITERAL_CONVERSION = YES;
				CLANG_WARN_OBJC_ROOT_CLASS = YES_ERROR;
				CLANG_WARN_RANGE_LOOP_ANALYSIS = YES;
				CLANG_WARN_STRICT_PROTOTYPES = YES;
				CLANG_WARN_SUSPICIOUS_MOVE = YES;
				CLANG_WARN_UNGUARDED_AVAILABILITY = YES_AGGRESSIVE;
				CLANG_WARN_UNREACHABLE_CODE = YES;
				CLANG_WARN__DUPLICATE_METHOD_MATCH = YES;
				CODE_SIGN_IDENTITY = "iPhone Developer";
				COPY_PHASE_STRIP = NO;
				DEBUG_INFORMATION_FORMAT = dwarf;
				ENABLE_STRICT_OBJC_MSGSEND = YES;
				ENABLE_TESTABILITY = YES;
				GCC_C_LANGUAGE_STANDARD = gnu11;
				GCC_DYNAMIC_NO_PIC = NO;
				GCC_NO_COMMON_BLOCKS = YES;
				GCC_OPTIMIZATION_LEVEL = 0;
				GCC_PREPROCESSOR_DEFINITIONS = (
					"DEBUG=1",
					"$(inherited)",
				);
				GCC_WARN_64_TO_32_BIT_CONVERSION = YES;
				GCC_WARN_ABOUT_RETURN_TYPE = YES_ERROR;
				GCC_WARN_UNDECLARED_SELECTOR = YES;
				GCC_WARN_UNINITIALIZED_AUTOS = YES_AGGRESSIVE;
				GCC_WARN_UNUSED_FUNCTION = YES;
				GCC_WARN_UNUSED_VARIABLE = YES;
				IPHONEOS_DEPLOYMENT_TARGET = 12.0;
				MTL_ENABLE_DEBUG_INFO = INCLUDE_SOURCE;
				MTL_FAST_MATH = YES;
				ONLY_ACTIVE_ARCH = YES;
				SDKROOT = iphoneos;
				SWIFT_ACTIVE_COMPILATION_CONDITIONS = DEBUG;
				SWIFT_OPTIMIZATION_LEVEL = "-Onone";
			};
			name = Debug;
		};
		F9DB1484216DB27F00056489 /* Release */ = {
			isa = XCBuildConfiguration;
			buildSettings = {
				ALWAYS_SEARCH_USER_PATHS = NO;
				CLANG_ANALYZER_NONNULL = YES;
				CLANG_ANALYZER_NUMBER_OBJECT_CONVERSION = YES_AGGRESSIVE;
				CLANG_CXX_LANGUAGE_STANDARD = "gnu++14";
				CLANG_CXX_LIBRARY = "libc++";
				CLANG_ENABLE_MODULES = YES;
				CLANG_ENABLE_OBJC_ARC = YES;
				CLANG_ENABLE_OBJC_WEAK = YES;
				CLANG_WARN_BLOCK_CAPTURE_AUTORELEASING = YES;
				CLANG_WARN_BOOL_CONVERSION = YES;
				CLANG_WARN_COMMA = YES;
				CLANG_WARN_CONSTANT_CONVERSION = YES;
				CLANG_WARN_DEPRECATED_OBJC_IMPLEMENTATIONS = YES;
				CLANG_WARN_DIRECT_OBJC_ISA_USAGE = YES_ERROR;
				CLANG_WARN_DOCUMENTATION_COMMENTS = YES;
				CLANG_WARN_EMPTY_BODY = YES;
				CLANG_WARN_ENUM_CONVERSION = YES;
				CLANG_WARN_INFINITE_RECURSION = YES;
				CLANG_WARN_INT_CONVERSION = YES;
				CLANG_WARN_NON_LITERAL_NULL_CONVERSION = YES;
				CLANG_WARN_OBJC_IMPLICIT_RETAIN_SELF = YES;
				CLANG_WARN_OBJC_LITERAL_CONVERSION = YES;
				CLANG_WARN_OBJC_ROOT_CLASS = YES_ERROR;
				CLANG_WARN_RANGE_LOOP_ANALYSIS = YES;
				CLANG_WARN_STRICT_PROTOTYPES = YES;
				CLANG_WARN_SUSPICIOUS_MOVE = YES;
				CLANG_WARN_UNGUARDED_AVAILABILITY = YES_AGGRESSIVE;
				CLANG_WARN_UNREACHABLE_CODE = YES;
				CLANG_WARN__DUPLICATE_METHOD_MATCH = YES;
				CODE_SIGN_IDENTITY = "iPhone Developer";
				COPY_PHASE_STRIP = NO;
				DEBUG_INFORMATION_FORMAT = "dwarf-with-dsym";
				ENABLE_NS_ASSERTIONS = NO;
				ENABLE_STRICT_OBJC_MSGSEND = YES;
				GCC_C_LANGUAGE_STANDARD = gnu11;
				GCC_NO_COMMON_BLOCKS = YES;
				GCC_WARN_64_TO_32_BIT_CONVERSION = YES;
				GCC_WARN_ABOUT_RETURN_TYPE = YES_ERROR;
				GCC_WARN_UNDECLARED_SELECTOR = YES;
				GCC_WARN_UNINITIALIZED_AUTOS = YES_AGGRESSIVE;
				GCC_WARN_UNUSED_FUNCTION = YES;
				GCC_WARN_UNUSED_VARIABLE = YES;
				IPHONEOS_DEPLOYMENT_TARGET = 12.0;
				MTL_ENABLE_DEBUG_INFO = NO;
				MTL_FAST_MATH = YES;
				SDKROOT = iphoneos;
				SWIFT_COMPILATION_MODE = wholemodule;
				SWIFT_OPTIMIZATION_LEVEL = "-O";
				VALIDATE_PRODUCT = YES;
			};
			name = Release;
		};
		F9DB1486216DB27F00056489 /* Debug */ = {
			isa = XCBuildConfiguration;
			buildSettings = {
				ASSETCATALOG_COMPILER_APPICON_NAME = AppIcon;
				CODE_SIGN_STYLE = Automatic;
				DEVELOPMENT_TEAM = A9K3U7VVGY;
				INFOPLIST_FILE = "Fancy Calculator/Info.plist";
				LD_RUNPATH_SEARCH_PATHS = (
					"$(inherited)",
					"@executable_path/Frameworks",
				);
				PRODUCT_BUNDLE_IDENTIFIER = "com.vreddy.Fancy-Calculator";
				PRODUCT_NAME = "$(TARGET_NAME)";
				SWIFT_VERSION = 4.2;
				TARGETED_DEVICE_FAMILY = "1,2";
			};
			name = Debug;
		};
		F9DB1487216DB27F00056489 /* Release */ = {
			isa = XCBuildConfiguration;
			buildSettings = {
				ASSETCATALOG_COMPILER_APPICON_NAME = AppIcon;
				CODE_SIGN_STYLE = Automatic;
				DEVELOPMENT_TEAM = A9K3U7VVGY;
				INFOPLIST_FILE = "Fancy Calculator/Info.plist";
				LD_RUNPATH_SEARCH_PATHS = (
					"$(inherited)",
					"@executable_path/Frameworks",
				);
				PRODUCT_BUNDLE_IDENTIFIER = "com.vreddy.Fancy-Calculator";
				PRODUCT_NAME = "$(TARGET_NAME)";
				SWIFT_VERSION = 4.2;
				TARGETED_DEVICE_FAMILY = "1,2";
			};
			name = Release;
		};
/* End XCBuildConfiguration section */

/* Begin XCConfigurationList section */
		F9DB146E216DB27B00056489 /* Build configuration list for PBXProject "Fancy Calculator" */ = {
			isa = XCConfigurationList;
			buildConfigurations = (
				F9DB1483216DB27F00056489 /* Debug */,
				F9DB1484216DB27F00056489 /* Release */,
			);
			defaultConfigurationIsVisible = 0;
			defaultConfigurationName = Release;
		};
		F9DB1485216DB27F00056489 /* Build configuration list for PBXNativeTarget "Fancy Calculator" */ = {
			isa = XCConfigurationList;
			buildConfigurations = (
				F9DB1486216DB27F00056489 /* Debug */,
				F9DB1487216DB27F00056489 /* Release */,
			);
			defaultConfigurationIsVisible = 0;
			defaultConfigurationName = Release;
		};
/* End XCConfigurationList section */
	};
	rootObject = F9DB146B216DB27B00056489 /* Project object */;
}
